
Microsoft Visual Studio Solution File, Format Version 12.00
# Visual Studio 14
VisualStudioVersion = 14.0.25420.1
MinimumVisualStudioVersion = 10.0.40219.1
Project("{FAE04EC0-301F-11D3-BF4B-00C04F79EFBC}") = "EmployeeOrientation", "SharePointAddIn1\EmployeeOrientation.csproj", "{16265339-F225-4F17-A80F-6297B24F382E}"
EndProject
Global
	GlobalSection(SolutionConfigurationPlatforms) = preSolution
		Debug|Any CPU = Debug|Any CPU
		Release|Any CPU = Release|Any CPU
	EndGlobalSection
	GlobalSection(ProjectConfigurationPlatforms) = postSolution
		{16265339-F225-4F17-A80F-6297B24F382E}.Debug|Any CPU.ActiveCfg = Debug|Any CPU
		{16265339-F225-4F17-A80F-6297B24F382E}.Debug|Any CPU.Build.0 = Debug|Any CPU
		{16265339-F225-4F17-A80F-6297B24F382E}.Debug|Any CPU.Deploy.0 = Debug|Any CPU
		{16265339-F225-4F17-A80F-6297B24F382E}.Release|Any CPU.ActiveCfg = Release|Any CPU
		{16265339-F225-4F17-A80F-6297B24F382E}.Release|Any CPU.Build.0 = Release|Any CPU
		{16265339-F225-4F17-A80F-6297B24F382E}.Release|Any CPU.Deploy.0 = Release|Any CPU
	EndGlobalSection
	GlobalSection(SolutionProperties) = preSolution
		HideSolutionNode = FALSE
	EndGlobalSection
EndGlobal
